
Microsoft Visual Studio Solution File, Format Version 12.00
# Visual Studio Version 17
VisualStudioVersion = 17.4.33122.133
MinimumVisualStudioVersion = 10.0.40219.1
Project("{FAE04EC0-301F-11D3-BF4B-00C04F79EFBC}") = "ObserverPattern", "ObserverPattern\ObserverPattern.csproj", "{D8A6C0D1-38A9-44CD-94B5-2D2D581B6234}"
EndProject
Global
	GlobalSection(SolutionConfigurationPlatforms) = preSolution
		Debug|Any CPU = Debug|Any CPU
		Release|Any CPU = Release|Any CPU
	EndGlobalSection
	GlobalSection(ProjectConfigurationPlatforms) = postSolution
		{D8A6C0D1-38A9-44CD-94B5-2D2D581B6234}.Debug|Any CPU.ActiveCfg = Debug|Any CPU
		{D8A6C0D1-38A9-44CD-94B5-2D2D581B6234}.Debug|Any CPU.Build.0 = Debug|Any CPU
		{D8A6C0D1-38A9-44CD-94B5-2D2D581B6234}.Release|Any CPU.ActiveCfg = Release|Any CPU
		{D8A6C0D1-38A9-44CD-94B5-2D2D581B6234}.Release|Any CPU.Build.0 = Release|Any CPU
	EndGlobalSection
	GlobalSection(SolutionProperties) = preSolution
		HideSolutionNode = FALSE
	EndGlobalSection
	GlobalSection(ExtensibilityGlobals) = postSolution
		SolutionGuid = {4D3AB60A-A833-4BC2-8AFE-E641028BC594}
	EndGlobalSection
EndGlobal
